
Microsoft Visual Studio Solution File, Format Version 12.00
# Visual Studio Version 17
VisualStudioVersion = 17.12.35514.174 d17.12
MinimumVisualStudioVersion = 10.0.40219.1
Project("{FAE04EC0-301F-11D3-BF4B-00C04F79EFBC}") = "Tally_Backend", "Tally_Backend\Tally_Backend.csproj", "{288138BD-17CF-4E99-9D2A-F733DB9C1EF5}"
EndProject
Project("{FAE04EC0-301F-11D3-BF4B-00C04F79EFBC}") = "Tally.Shared", "Tally.Shared\Tally.Shared.csproj", "{1AEADFAD-55D7-491A-B4A1-845911389322}"
EndProject
Global
	GlobalSection(SolutionConfigurationPlatforms) = preSolution
		Debug|Any CPU = Debug|Any CPU
		Release|Any CPU = Release|Any CPU
	EndGlobalSection
	GlobalSection(ProjectConfigurationPlatforms) = postSolution
		{288138BD-17CF-4E99-9D2A-F733DB9C1EF5}.Debug|Any CPU.ActiveCfg = Debug|Any CPU
		{288138BD-17CF-4E99-9D2A-F733DB9C1EF5}.Debug|Any CPU.Build.0 = Debug|Any CPU
		{288138BD-17CF-4E99-9D2A-F733DB9C1EF5}.Release|Any CPU.ActiveCfg = Release|Any CPU
		{288138BD-17CF-4E99-9D2A-F733DB9C1EF5}.Release|Any CPU.Build.0 = Release|Any CPU
		{1AEADFAD-55D7-491A-B4A1-845911389322}.Debug|Any CPU.ActiveCfg = Debug|Any CPU
		{1AEADFAD-55D7-491A-B4A1-845911389322}.Debug|Any CPU.Build.0 = Debug|Any CPU
		{1AEADFAD-55D7-491A-B4A1-845911389322}.Release|Any CPU.ActiveCfg = Release|Any CPU
		{1AEADFAD-55D7-491A-B4A1-845911389322}.Release|Any CPU.Build.0 = Release|Any CPU
	EndGlobalSection
	GlobalSection(SolutionProperties) = preSolution
		HideSolutionNode = FALSE
	EndGlobalSection
EndGlobal
